// !$*UTF8*$!
{
	archiveVersion = 1;
	classes = {
	};
	objectVersion = 48;
	objects = {

/* Begin PBXBuildFile section */
		8F37BA1D1FA1C6A9009DFA35 /* AppDelegate.swift in Sources */ = {isa = PBXBuildFile; fileRef = 8F37BA1C1FA1C6A9009DFA35 /* AppDelegate.swift */; };
		8F37BA1F1FA1C6A9009DFA35 /* ViewController.swift in Sources */ = {isa = PBXBuildFile; fileRef = 8F37BA1E1FA1C6A9009DFA35 /* ViewController.swift */; };
		8F37BA221FA1C6A9009DFA35 /* Main.storyboard in Resources */ = {isa = PBXBuildFile; fileRef = 8F37BA201FA1C6A9009DFA35 /* Main.storyboard */; };
		8F37BA241FA1C6A9009DFA35 /* Assets.xcassets in Resources */ = {isa = PBXBuildFile; fileRef = 8F37BA231FA1C6A9009DFA35 /* Assets.xcassets */; };
		8F37BA271FA1C6A9009DFA35 /* LaunchScreen.storyboard in Resources */ = {isa = PBXBuildFile; fileRef = 8F37BA251FA1C6A9009DFA35 /* LaunchScreen.storyboard */; };
		8F37BA321FA1C6A9009DFA35 /* FIRBASEEMAILPASSWORDAUTHTests.swift in Sources */ = {isa = PBXBuildFile; fileRef = 8F37BA311FA1C6A9009DFA35 /* FIRBASEEMAILPASSWORDAUTHTests.swift */; };
		8F37BA3D1FA1C6A9009DFA35 /* FIRBASEEMAILPASSWORDAUTHUITests.swift in Sources */ = {isa = PBXBuildFile; fileRef = 8F37BA3C1FA1C6A9009DFA35 /* FIRBASEEMAILPASSWORDAUTHUITests.swift */; };
		8F37BA4B1FA1C770009DFA35 /* RegisterVC.swift in Sources */ = {isa = PBXBuildFile; fileRef = 8F37BA4A1FA1C770009DFA35 /* RegisterVC.swift */; };
		8F37BA4D1FA1C780009DFA35 /* HomePageVC.swift in Sources */ = {isa = PBXBuildFile; fileRef = 8F37BA4C1FA1C780009DFA35 /* HomePageVC.swift */; };
		8F37BA4F1FA1C804009DFA35 /* GoogleService-Info.plist in Resources */ = {isa = PBXBuildFile; fileRef = 8F37BA4E1FA1C804009DFA35 /* GoogleService-Info.plist */; };
		B8D34BB5D6FBD981D124F33E /* Pods_FIRBASEEMAILPASSWORDAUTH.framework in Frameworks */ = {isa = PBXBuildFile; fileRef = 4B715BD056C4E64CA822E5B2 /* Pods_FIRBASEEMAILPASSWORDAUTH.framework */; };
/* End PBXBuildFile section */

/* Begin PBXContainerItemProxy section */
		8F37BA2E1FA1C6A9009DFA35 /* PBXContainerItemProxy */ = {
			isa = PBXContainerItemProxy;
			containerPortal = 8F37BA111FA1C6A9009DFA35 /* Project object */;
			proxyType = 1;
			remoteGlobalIDString = 8F37BA181FA1C6A9009DFA35;
			remoteInfo = FIRBASEEMAILPASSWORDAUTH;
		};
		8F37BA391FA1C6A9009DFA35 /* PBXContainerItemProxy */ = {
			isa = PBXContainerItemProxy;
			containerPortal = 8F37BA111FA1C6A9009DFA35 /* Project object */;
			proxyType = 1;
			remoteGlobalIDString = 8F37BA181FA1C6A9009DFA35;
			remoteInfo = FIRBASEEMAILPASSWORDAUTH;
		};
/* End PBXContainerItemProxy section */

/* Begin PBXFileReference section */
		1FB4583B46541F0E6A3177FE /* Pods-FIRBASEEMAILPASSWORDAUTH.debug.xcconfig */ = {isa = PBXFileReference; includeInIndex = 1; lastKnownFileType = text.xcconfig; name = "Pods-FIRBASEEMAILPASSWORDAUTH.debug.xcconfig"; path = "Pods/Target Support Files/Pods-FIRBASEEMAILPASSWORDAUTH/Pods-FIRBASEEMAILPASSWORDAUTH.debug.xcconfig"; sourceTree = "<group>"; };
		4B715BD056C4E64CA822E5B2 /* Pods_FIRBASEEMAILPASSWORDAUTH.framework */ = {isa = PBXFileReference; explicitFileType = wrapper.framework; includeInIndex = 0; path = Pods_FIRBASEEMAILPASSWORDAUTH.framework; sourceTree = BUILT_PRODUCTS_DIR; };
		8F37BA191FA1C6A9009DFA35 /* FIRBASEEMAILPASSWORDAUTH.app */ = {isa = PBXFileReference; explicitFileType = wrapper.application; includeInIndex = 0; path = FIRBASEEMAILPASSWORDAUTH.app; sourceTree = BUILT_PRODUCTS_DIR; };
		8F37BA1C1FA1C6A9009DFA35 /* AppDelegate.swift */ = {isa = PBXFileReference; lastKnownFileType = sourcecode.swift; path = AppDelegate.swift; sourceTree = "<group>"; };
		8F37BA1E1FA1C6A9009DFA35 /* ViewController.swift */ = {isa = PBXFileReference; lastKnownFileType = sourcecode.swift; path = ViewController.swift; sourceTree = "<group>"; };
		8F37BA211FA1C6A9009DFA35 /* Base */ = {isa = PBXFileReference; lastKnownFileType = file.storyboard; name = Base; path = Base.lproj/Main.storyboard; sourceTree = "<group>"; };
		8F37BA231FA1C6A9009DFA35 /* Assets.xcassets */ = {isa = PBXFileReference; lastKnownFileType = folder.assetcatalog; path = Assets.xcassets; sourceTree = "<group>"; };
		8F37BA261FA1C6A9009DFA35 /* Base */ = {isa = PBXFileReference; lastKnownFileType = file.storyboard; name = Base; path = Base.lproj/LaunchScreen.storyboard; sourceTree = "<group>"; };
		8F37BA281FA1C6A9009DFA35 /* Info.plist */ = {isa = PBXFileReference; lastKnownFileType = text.plist.xml; path = Info.plist; sourceTree = "<group>"; };
		8F37BA2D1FA1C6A9009DFA35 /* FIRBASEEMAILPASSWORDAUTHTests.xctest */ = {isa = PBXFileReference; explicitFileType = wrapper.cfbundle; includeInIndex = 0; path = FIRBASEEMAILPASSWORDAUTHTests.xctest; sourceTree = BUILT_PRODUCTS_DIR; };
		8F37BA311FA1C6A9009DFA35 /* FIRBASEEMAILPASSWORDAUTHTests.swift */ = {isa = PBXFileReference; lastKnownFileType = sourcecode.swift; path = FIRBASEEMAILPASSWORDAUTHTests.swift; sourceTree = "<group>"; };
		8F37BA331FA1C6A9009DFA35 /* Info.plist */ = {isa = PBXFileReference; lastKnownFileType = text.plist.xml; path = Info.plist; sourceTree = "<group>"; };
		8F37BA381FA1C6A9009DFA35 /* FIRBASEEMAILPASSWORDAUTHUITests.xctest */ = {isa = PBXFileReference; explicitFileType = wrapper.cfbundle; includeInIndex = 0; path = FIRBASEEMAILPASSWORDAUTHUITests.xctest; sourceTree = BUILT_PRODUCTS_DIR; };
		8F37BA3C1FA1C6A9009DFA35 /* FIRBASEEMAILPASSWORDAUTHUITests.swift */ = {isa = PBXFileReference; lastKnownFileType = sourcecode.swift; path = FIRBASEEMAILPASSWORDAUTHUITests.swift; sourceTree = "<group>"; };
		8F37BA3E1FA1C6A9009DFA35 /* Info.plist */ = {isa = PBXFileReference; lastKnownFileType = text.plist.xml; path = Info.plist; sourceTree = "<group>"; };
		8F37BA4A1FA1C770009DFA35 /* RegisterVC.swift */ = {isa = PBXFileReference; lastKnownFileType = sourcecode.swift; path = RegisterVC.swift; sourceTree = "<group>"; };
		8F37BA4C1FA1C780009DFA35 /* HomePageVC.swift */ = {isa = PBXFileReference; lastKnownFileType = sourcecode.swift; path = HomePageVC.swift; sourceTree = "<group>"; };
		8F37BA4E1FA1C804009DFA35 /* GoogleService-Info.plist */ = {isa = PBXFileReference; fileEncoding = 4; lastKnownFileType = text.plist.xml; path = "GoogleService-Info.plist"; sourceTree = "<group>"; };
		A2F80611904BC93118A8B47C /* Pods-FIRBASEEMAILPASSWORDAUTH.release.xcconfig */ = {isa = PBXFileReference; includeInIndex = 1; lastKnownFileType = text.xcconfig; name = "Pods-FIRBASEEMAILPASSWORDAUTH.release.xcconfig"; path = "Pods/Target Support Files/Pods-FIRBASEEMAILPASSWORDAUTH/Pods-FIRBASEEMAILPASSWORDAUTH.release.xcconfig"; sourceTree = "<group>"; };
/* End PBXFileReference section */

/* Begin PBXFrameworksBuildPhase section */
		8F37BA161FA1C6A9009DFA35 /* Frameworks */ = {
			isa = PBXFrameworksBuildPhase;
			buildActionMask = 2147483647;
			files = (
				B8D34BB5D6FBD981D124F33E /* Pods_FIRBASEEMAILPASSWORDAUTH.framework in Frameworks */,
			);
			runOnlyForDeploymentPostprocessing = 0;
		};
		8F37BA2A1FA1C6A9009DFA35 /* Frameworks */ = {
			isa = PBXFrameworksBuildPhase;
			buildActionMask = 2147483647;
			files = (
			);
			runOnlyForDeploymentPostprocessing = 0;
		};
		8F37BA351FA1C6A9009DFA35 /* Frameworks */ = {
			isa = PBXFrameworksBuildPhase;
			buildActionMask = 2147483647;
			files = (
			);
			runOnlyForDeploymentPostprocessing = 0;
		};
/* End PBXFrameworksBuildPhase section */

/* Begin PBXGroup section */
		43927DD0631299AEC13B6C4C /* Frameworks */ = {
			isa = PBXGroup;
			children = (
				4B715BD056C4E64CA822E5B2 /* Pods_FIRBASEEMAILPASSWORDAUTH.framework */,
			);
			name = Frameworks;
			sourceTree = "<group>";
		};
		7444269DD682654F9FCC6C53 /* Pods */ = {
			isa = PBXGroup;
			children = (
				1FB4583B46541F0E6A3177FE /* Pods-FIRBASEEMAILPASSWORDAUTH.debug.xcconfig */,
				A2F80611904BC93118A8B47C /* Pods-FIRBASEEMAILPASSWORDAUTH.release.xcconfig */,
			);
			name = Pods;
			sourceTree = "<group>";
		};
		8F37BA101FA1C6A9009DFA35 = {
			isa = PBXGroup;
			children = (
				8F37BA4E1FA1C804009DFA35 /* GoogleService-Info.plist */,
				8F37BA1B1FA1C6A9009DFA35 /* FIRBASEEMAILPASSWORDAUTH */,
				8F37BA301FA1C6A9009DFA35 /* FIRBASEEMAILPASSWORDAUTHTests */,
				8F37BA3B1FA1C6A9009DFA35 /* FIRBASEEMAILPASSWORDAUTHUITests */,
				8F37BA1A1FA1C6A9009DFA35 /* Products */,
				7444269DD682654F9FCC6C53 /* Pods */,
				43927DD0631299AEC13B6C4C /* Frameworks */,
			);
			sourceTree = "<group>";
		};
		8F37BA1A1FA1C6A9009DFA35 /* Products */ = {
			isa = PBXGroup;
			children = (
				8F37BA191FA1C6A9009DFA35 /* FIRBASEEMAILPASSWORDAUTH.app */,
				8F37BA2D1FA1C6A9009DFA35 /* FIRBASEEMAILPASSWORDAUTHTests.xctest */,
				8F37BA381FA1C6A9009DFA35 /* FIRBASEEMAILPASSWORDAUTHUITests.xctest */,
			);
			name = Products;
			sourceTree = "<group>";
		};
		8F37BA1B1FA1C6A9009DFA35 /* FIRBASEEMAILPASSWORDAUTH */ = {
			isa = PBXGroup;
			children = (
				8F37BA1C1FA1C6A9009DFA35 /* AppDelegate.swift */,
				8F37BA1E1FA1C6A9009DFA35 /* ViewController.swift */,
				8F37BA4A1FA1C770009DFA35 /* RegisterVC.swift */,
				8F37BA4C1FA1C780009DFA35 /* HomePageVC.swift */,
				8F37BA201FA1C6A9009DFA35 /* Main.storyboard */,
				8F37BA231FA1C6A9009DFA35 /* Assets.xcassets */,
				8F37BA251FA1C6A9009DFA35 /* LaunchScreen.storyboard */,
				8F37BA281FA1C6A9009DFA35 /* Info.plist */,
			);
			path = FIRBASEEMAILPASSWORDAUTH;
			sourceTree = "<group>";
		};
		8F37BA301FA1C6A9009DFA35 /* FIRBASEEMAILPASSWORDAUTHTests */ = {
			isa = PBXGroup;
			children = (
				8F37BA311FA1C6A9009DFA35 /* FIRBASEEMAILPASSWORDAUTHTests.swift */,
				8F37BA331FA1C6A9009DFA35 /* Info.plist */,
			);
			path = FIRBASEEMAILPASSWORDAUTHTests;
			sourceTree = "<group>";
		};
		8F37BA3B1FA1C6A9009DFA35 /* FIRBASEEMAILPASSWORDAUTHUITests */ = {
			isa = PBXGroup;
			children = (
				8F37BA3C1FA1C6A9009DFA35 /* FIRBASEEMAILPASSWORDAUTHUITests.swift */,
				8F37BA3E1FA1C6A9009DFA35 /* Info.plist */,
			);
			path = FIRBASEEMAILPASSWORDAUTHUITests;
			sourceTree = "<group>";
		};
/* End PBXGroup section */

/* Begin PBXNativeTarget section */
		8F37BA181FA1C6A9009DFA35 /* FIRBASEEMAILPASSWORDAUTH */ = {
			isa = PBXNativeTarget;
			buildConfigurationList = 8F37BA411FA1C6A9009DFA35 /* Build configuration list for PBXNativeTarget "FIRBASEEMAILPASSWORDAUTH" */;
			buildPhases = (
				A90AA1E71EB261D8A9080A9F /* [CP] Check Pods Manifest.lock */,
				8F37BA151FA1C6A9009DFA35 /* Sources */,
				8F37BA161FA1C6A9009DFA35 /* Frameworks */,
				8F37BA171FA1C6A9009DFA35 /* Resources */,
				ADC03F1019101F327881D64D /* [CP] Embed Pods Frameworks */,
				78DB07A4D7B32AF947AAE35E /* [CP] Copy Pods Resources */,
			);
			buildRules = (
			);
			dependencies = (
			);
			name = FIRBASEEMAILPASSWORDAUTH;
			productName = FIRBASEEMAILPASSWORDAUTH;
			productReference = 8F37BA191FA1C6A9009DFA35 /* FIRBASEEMAILPASSWORDAUTH.app */;
			productType = "com.apple.product-type.application";
		};
		8F37BA2C1FA1C6A9009DFA35 /* FIRBASEEMAILPASSWORDAUTHTests */ = {
			isa = PBXNativeTarget;
			buildConfigurationList = 8F37BA441FA1C6A9009DFA35 /* Build configuration list for PBXNativeTarget "FIRBASEEMAILPASSWORDAUTHTests" */;
			buildPhases = (
				8F37BA291FA1C6A9009DFA35 /* Sources */,
				8F37BA2A1FA1C6A9009DFA35 /* Frameworks */,
				8F37BA2B1FA1C6A9009DFA35 /* Resources */,
			);
			buildRules = (
			);
			dependencies = (
				8F37BA2F1FA1C6A9009DFA35 /* PBXTargetDependency */,
			);
			name = FIRBASEEMAILPASSWORDAUTHTests;
			productName = FIRBASEEMAILPASSWORDAUTHTests;
			productReference = 8F37BA2D1FA1C6A9009DFA35 /* FIRBASEEMAILPASSWORDAUTHTests.xctest */;
			productType = "com.apple.product-type.bundle.unit-test";
		};
		8F37BA371FA1C6A9009DFA35 /* FIRBASEEMAILPASSWORDAUTHUITests */ = {
			isa = PBXNativeTarget;
			buildConfigurationList = 8F37BA471FA1C6A9009DFA35 /* Build configuration list for PBXNativeTarget "FIRBASEEMAILPASSWORDAUTHUITests" */;
			buildPhases = (
				8F37BA341FA1C6A9009DFA35 /* Sources */,
				8F37BA351FA1C6A9009DFA35 /* Frameworks */,
				8F37BA361FA1C6A9009DFA35 /* Resources */,
			);
			buildRules = (
			);
			dependencies = (
				8F37BA3A1FA1C6A9009DFA35 /* PBXTargetDependency */,
			);
			name = FIRBASEEMAILPASSWORDAUTHUITests;
			productName = FIRBASEEMAILPASSWORDAUTHUITests;
			productReference = 8F37BA381FA1C6A9009DFA35 /* FIRBASEEMAILPASSWORDAUTHUITests.xctest */;
			productType = "com.apple.product-type.bundle.ui-testing";
		};
/* End PBXNativeTarget section */

/* Begin PBXProject section */
		8F37BA111FA1C6A9009DFA35 /* Project object */ = {
			isa = PBXProject;
			attributes = {
				LastSwiftUpdateCheck = 0900;
				LastUpgradeCheck = 0900;
				ORGANIZATIONNAME = Webcubator;
				TargetAttributes = {
					8F37BA181FA1C6A9009DFA35 = {
						CreatedOnToolsVersion = 9.0;
						ProvisioningStyle = Automatic;
					};
					8F37BA2C1FA1C6A9009DFA35 = {
						CreatedOnToolsVersion = 9.0;
						ProvisioningStyle = Automatic;
						TestTargetID = 8F37BA181FA1C6A9009DFA35;
					};
					8F37BA371FA1C6A9009DFA35 = {
						CreatedOnToolsVersion = 9.0;
						ProvisioningStyle = Automatic;
						TestTargetID = 8F37BA181FA1C6A9009DFA35;
					};
				};
			};
			buildConfigurationList = 8F37BA141FA1C6A9009DFA35 /* Build configuration list for PBXProject "FIRBASEEMAILPASSWORDAUTH" */;
			compatibilityVersion = "Xcode 8.0";
			developmentRegion = en;
			hasScannedForEncodings = 0;
			knownRegions = (
				en,
				Base,
			);
			mainGroup = 8F37BA101FA1C6A9009DFA35;
			productRefGroup = 8F37BA1A1FA1C6A9009DFA35 /* Products */;
			projectDirPath = "";
			projectRoot = "";
			targets = (
				8F37BA181FA1C6A9009DFA35 /* FIRBASEEMAILPASSWORDAUTH */,
				8F37BA2C1FA1C6A9009DFA35 /* FIRBASEEMAILPASSWORDAUTHTests */,
				8F37BA371FA1C6A9009DFA35 /* FIRBASEEMAILPASSWORDAUTHUITests */,
			);
		};
/* End PBXProject section */

/* Begin PBXResourcesBuildPhase section */
		8F37BA171FA1C6A9009DFA35 /* Resources */ = {
			isa = PBXResourcesBuildPhase;
			buildActionMask = 2147483647;
			files = (
				8F37BA271FA1C6A9009DFA35 /* LaunchScreen.storyboard in Resources */,
				8F37BA4F1FA1C804009DFA35 /* GoogleService-Info.plist in Resources */,
				8F37BA241FA1C6A9009DFA35 /* Assets.xcassets in Resources */,
				8F37BA221FA1C6A9009DFA35 /* Main.storyboard in Resources */,
			);
			runOnlyForDeploymentPostprocessing = 0;
		};
		8F37BA2B1FA1C6A9009DFA35 /* Resources */ = {
			isa = PBXResourcesBuildPhase;
			buildActionMask = 2147483647;
			files = (
			);
			runOnlyForDeploymentPostprocessing = 0;
		};
		8F37BA361FA1C6A9009DFA35 /* Resources */ = {
			isa = PBXResourcesBuildPhase;
			buildActionMask = 2147483647;
			files = (
			);
			runOnlyForDeploymentPostprocessing = 0;
		};
/* End PBXResourcesBuildPhase section */

/* Begin PBXShellScriptBuildPhase section */
		78DB07A4D7B32AF947AAE35E /* [CP] Copy Pods Resources */ = {
			isa = PBXShellScriptBuildPhase;
			buildActionMask = 2147483647;
			files = (
			);
			inputPaths = (
			);
			name = "[CP] Copy Pods Resources";
			outputPaths = (
			);
			runOnlyForDeploymentPostprocessing = 0;
			shellPath = /bin/sh;
			shellScript = "\"${SRCROOT}/Pods/Target Support Files/Pods-FIRBASEEMAILPASSWORDAUTH/Pods-FIRBASEEMAILPASSWORDAUTH-resources.sh\"\n";
			showEnvVarsInLog = 0;
		};
		A90AA1E71EB261D8A9080A9F /* [CP] Check Pods Manifest.lock */ = {
			isa = PBXShellScriptBuildPhase;
			buildActionMask = 2147483647;
			files = (
			);
			inputPaths = (
				"${PODS_PODFILE_DIR_PATH}/Podfile.lock",
				"${PODS_ROOT}/Manifest.lock",
			);
			name = "[CP] Check Pods Manifest.lock";
			outputPaths = (
				"$(DERIVED_FILE_DIR)/Pods-FIRBASEEMAILPASSWORDAUTH-checkManifestLockResult.txt",
			);
			runOnlyForDeploymentPostprocessing = 0;
			shellPath = /bin/sh;
			shellScript = "diff \"${PODS_PODFILE_DIR_PATH}/Podfile.lock\" \"${PODS_ROOT}/Manifest.lock\" > /dev/null\nif [ $? != 0 ] ; then\n    # print error to STDERR\n    echo \"error: The sandbox is not in sync with the Podfile.lock. Run 'pod install' or update your CocoaPods installation.\" >&2\n    exit 1\nfi\n# This output is used by Xcode 'outputs' to avoid re-running this script phase.\necho \"SUCCESS\" > \"${SCRIPT_OUTPUT_FILE_0}\"\n";
			showEnvVarsInLog = 0;
		};
		ADC03F1019101F327881D64D /* [CP] Embed Pods Frameworks */ = {
			isa = PBXShellScriptBuildPhase;
			buildActionMask = 2147483647;
			files = (
			);
			inputPaths = (
				"${SRCROOT}/Pods/Target Support Files/Pods-FIRBASEEMAILPASSWORDAUTH/Pods-FIRBASEEMAILPASSWORDAUTH-frameworks.sh",
				"${BUILT_PRODUCTS_DIR}/GTMSessionFetcher/GTMSessionFetcher.framework",
				"${BUILT_PRODUCTS_DIR}/GoogleToolboxForMac/GoogleToolboxForMac.framework",
				"${BUILT_PRODUCTS_DIR}/nanopb/nanopb.framework",
			);
			name = "[CP] Embed Pods Frameworks";
			outputPaths = (
				"${TARGET_BUILD_DIR}/${FRAMEWORKS_FOLDER_PATH}/GTMSessionFetcher.framework",
				"${TARGET_BUILD_DIR}/${FRAMEWORKS_FOLDER_PATH}/GoogleToolboxForMac.framework",
				"${TARGET_BUILD_DIR}/${FRAMEWORKS_FOLDER_PATH}/nanopb.framework",
			);
			runOnlyForDeploymentPostprocessing = 0;
			shellPath = /bin/sh;
			shellScript = "\"${SRCROOT}/Pods/Target Support Files/Pods-FIRBASEEMAILPASSWORDAUTH/Pods-FIRBASEEMAILPASSWORDAUTH-frameworks.sh\"\n";
			showEnvVarsInLog = 0;
		};
/* End PBXShellScriptBuildPhase section */

/* Begin PBXSourcesBuildPhase section */
		8F37BA151FA1C6A9009DFA35 /* Sources */ = {
			isa = PBXSourcesBuildPhase;
			buildActionMask = 2147483647;
			files = (
				8F37BA4B1FA1C770009DFA35 /* RegisterVC.swift in Sources */,
				8F37BA1F1FA1C6A9009DFA35 /* ViewController.swift in Sources */,
				8F37BA4D1FA1C780009DFA35 /* HomePageVC.swift in Sources */,
				8F37BA1D1FA1C6A9009DFA35 /* AppDelegate.swift in Sources */,
			);
			runOnlyForDeploymentPostprocessing = 0;
		};
		8F37BA291FA1C6A9009DFA35 /* Sources */ = {
			isa = PBXSourcesBuildPhase;
			buildActionMask = 2147483647;
			files = (
				8F37BA321FA1C6A9009DFA35 /* FIRBASEEMAILPASSWORDAUTHTests.swift in Sources */,
			);
			runOnlyForDeploymentPostprocessing = 0;
		};
		8F37BA341FA1C6A9009DFA35 /* Sources */ = {
			isa = PBXSourcesBuildPhase;
			buildActionMask = 2147483647;
			files = (
				8F37BA3D1FA1C6A9009DFA35 /* FIRBASEEMAILPASSWORDAUTHUITests.swift in Sources */,
			);
			runOnlyForDeploymentPostprocessing = 0;
		};
/* End PBXSourcesBuildPhase section */

/* Begin PBXTargetDependency section */
		8F37BA2F1FA1C6A9009DFA35 /* PBXTargetDependency */ = {
			isa = PBXTargetDependency;
			target = 8F37BA181FA1C6A9009DFA35 /* FIRBASEEMAILPASSWORDAUTH */;
			targetProxy = 8F37BA2E1FA1C6A9009DFA35 /* PBXContainerItemProxy */;
		};
		8F37BA3A1FA1C6A9009DFA35 /* PBXTargetDependency */ = {
			isa = PBXTargetDependency;
			target = 8F37BA181FA1C6A9009DFA35 /* FIRBASEEMAILPASSWORDAUTH */;
			targetProxy = 8F37BA391FA1C6A9009DFA35 /* PBXContainerItemProxy */;
		};
/* End PBXTargetDependency section */

/* Begin PBXVariantGroup section */
		8F37BA201FA1C6A9009DFA35 /* Main.storyboard */ = {
			isa = PBXVariantGroup;
			children = (
				8F37BA211FA1C6A9009DFA35 /* Base */,
			);
			name = Main.storyboard;
			sourceTree = "<group>";
		};
		8F37BA251FA1C6A9009DFA35 /* LaunchScreen.storyboard */ = {
			isa = PBXVariantGroup;
			children = (
				8F37BA261FA1C6A9009DFA35 /* Base */,
			);
			name = LaunchScreen.storyboard;
			sourceTree = "<group>";
		};
/* End PBXVariantGroup section */

/* Begin XCBuildConfiguration section */
		8F37BA3F1FA1C6A9009DFA35 /* Debug */ = {
			isa = XCBuildConfiguration;
			buildSettings = {
				ALWAYS_SEARCH_USER_PATHS = NO;
				CLANG_ANALYZER_NONNULL = YES;
				CLANG_ANALYZER_NUMBER_OBJECT_CONVERSION = YES_AGGRESSIVE;
				CLANG_CXX_LANGUAGE_STANDARD = "gnu++14";
				CLANG_CXX_LIBRARY = "libc++";
				CLANG_ENABLE_MODULES = YES;
				CLANG_ENABLE_OBJC_ARC = YES;
				CLANG_WARN_BLOCK_CAPTURE_AUTORELEASING = YES;
				CLANG_WARN_BOOL_CONVERSION = YES;
				CLANG_WARN_COMMA = YES;
				CLANG_WARN_CONSTANT_CONVERSION = YES;
				CLANG_WARN_DIRECT_OBJC_ISA_USAGE = YES_ERROR;
				CLANG_WARN_DOCUMENTATION_COMMENTS = YES;
				CLANG_WARN_EMPTY_BODY = YES;
				CLANG_WARN_ENUM_CONVERSION = YES;
				CLANG_WARN_INFINITE_RECURSION = YES;
				CLANG_WARN_INT_CONVERSION = YES;
				CLANG_WARN_NON_LITERAL_NULL_CONVERSION = YES;
				CLANG_WARN_OBJC_LITERAL_CONVERSION = YES;
				CLANG_WARN_OBJC_ROOT_CLASS = YES_ERROR;
				CLANG_WARN_RANGE_LOOP_ANALYSIS = YES;
				CLANG_WARN_STRICT_PROTOTYPES = YES;
				CLANG_WARN_SUSPICIOUS_MOVE = YES;
				CLANG_WARN_UNGUARDED_AVAILABILITY = YES_AGGRESSIVE;
				CLANG_WARN_UNREACHABLE_CODE = YES;
				CLANG_WARN__DUPLICATE_METHOD_MATCH = YES;
				CODE_SIGN_IDENTITY = "iPhone Developer";
				COPY_PHASE_STRIP = NO;
				DEBUG_INFORMATION_FORMAT = dwarf;
				ENABLE_STRICT_OBJC_MSGSEND = YES;
				ENABLE_TESTABILITY = YES;
				GCC_C_LANGUAGE_STANDARD = gnu11;
				GCC_DYNAMIC_NO_PIC = NO;
				GCC_NO_COMMON_BLOCKS = YES;
				GCC_OPTIMIZATION_LEVEL = 0;
				GCC_PREPROCESSOR_DEFINITIONS = (
					"DEBUG=1",
					"$(inherited)",
				);
				GCC_WARN_64_TO_32_BIT_CONVERSION = YES;
				GCC_WARN_ABOUT_RETURN_TYPE = YES_ERROR;
				GCC_WARN_UNDECLARED_SELECTOR = YES;
				GCC_WARN_UNINITIALIZED_AUTOS = YES_AGGRESSIVE;
				GCC_WARN_UNUSED_FUNCTION = YES;
				GCC_WARN_UNUSED_VARIABLE = YES;
				IPHONEOS_DEPLOYMENT_TARGET = 11.0;
				MTL_ENABLE_DEBUG_INFO = YES;
				ONLY_ACTIVE_ARCH = YES;
				SDKROOT = iphoneos;
				SWIFT_ACTIVE_COMPILATION_CONDITIONS = DEBUG;
				SWIFT_OPTIMIZATION_LEVEL = "-Onone";
			};
			name = Debug;
		};
		8F37BA401FA1C6A9009DFA35 /* Release */ = {
			isa = XCBuildConfiguration;
			buildSettings = {
				ALWAYS_SEARCH_USER_PATHS = NO;
				CLANG_ANALYZER_NONNULL = YES;
				CLANG_ANALYZER_NUMBER_OBJECT_CONVERSION = YES_AGGRESSIVE;
				CLANG_CXX_LANGUAGE_STANDARD = "gnu++14";
				CLANG_CXX_LIBRARY = "libc++";
				CLANG_ENABLE_MODULES = YES;
				CLANG_ENABLE_OBJC_ARC = YES;
				CLANG_WARN_BLOCK_CAPTURE_AUTORELEASING = YES;
				CLANG_WARN_BOOL_CONVERSION = YES;
				CLANG_WARN_COMMA = YES;
				CLANG_WARN_CONSTANT_CONVERSION = YES;
				CLANG_WARN_DIRECT_OBJC_ISA_USAGE = YES_ERROR;
				CLANG_WARN_DOCUMENTATION_COMMENTS = YES;
				CLANG_WARN_EMPTY_BODY = YES;
				CLANG_WARN_ENUM_CONVERSION = YES;
				CLANG_WARN_INFINITE_RECURSION = YES;
				CLANG_WARN_INT_CONVERSION = YES;
				CLANG_WARN_NON_LITERAL_NULL_CONVERSION = YES;
				CLANG_WARN_OBJC_LITERAL_CONVERSION = YES;
				CLANG_WARN_OBJC_ROOT_CLASS = YES_ERROR;
				CLANG_WARN_RANGE_LOOP_ANALYSIS = YES;
				CLANG_WARN_STRICT_PROTOTYPES = YES;
				CLANG_WARN_SUSPICIOUS_MOVE = YES;
				CLANG_WARN_UNGUARDED_AVAILABILITY = YES_AGGRESSIVE;
				CLANG_WARN_UNREACHABLE_CODE = YES;
				CLANG_WARN__DUPLICATE_METHOD_MATCH = YES;
				CODE_SIGN_IDENTITY = "iPhone Developer";
				COPY_PHASE_STRIP = NO;
				DEBUG_INFORMATION_FORMAT = "dwarf-with-dsym";
				ENABLE_NS_ASSERTIONS = NO;
				ENABLE_STRICT_OBJC_MSGSEND = YES;
				GCC_C_LANGUAGE_STANDARD = gnu11;
				GCC_NO_COMMON_BLOCKS = YES;
				GCC_WARN_64_TO_32_BIT_CONVERSION = YES;
				GCC_WARN_ABOUT_RETURN_TYPE = YES_ERROR;
				GCC_WARN_UNDECLARED_SELECTOR = YES;
				GCC_WARN_UNINITIALIZED_AUTOS = YES_AGGRESSIVE;
				GCC_WARN_UNUSED_FUNCTION = YES;
				GCC_WARN_UNUSED_VARIABLE = YES;
				IPHONEOS_DEPLOYMENT_TARGET = 11.0;
				MTL_ENABLE_DEBUG_INFO = NO;
				SDKROOT = iphoneos;
				SWIFT_OPTIMIZATION_LEVEL = "-Owholemodule";
				VALIDATE_PRODUCT = YES;
			};
			name = Release;
		};
		8F37BA421FA1C6A9009DFA35 /* Debug */ = {
			isa = XCBuildConfiguration;
			baseConfigurationReference = 1FB4583B46541F0E6A3177FE /* Pods-FIRBASEEMAILPASSWORDAUTH.debug.xcconfig */;
			buildSettings = {
				ASSETCATALOG_COMPILER_APPICON_NAME = AppIcon;
				CODE_SIGN_STYLE = Automatic;
				DEVELOPMENT_TEAM = WYMKKWGVGB;
				INFOPLIST_FILE = FIRBASEEMAILPASSWORDAUTH/Info.plist;
				LD_RUNPATH_SEARCH_PATHS = "$(inherited) @executable_path/Frameworks";
				PRODUCT_BUNDLE_IDENTIFIER = Com.Webcubator.FIRBASEEMAILPASSWORDAUTH;
				PRODUCT_NAME = "$(TARGET_NAME)";
				SWIFT_VERSION = 4.0;
				TARGETED_DEVICE_FAMILY = "1,2";
			};
			name = Debug;
		};
		8F37BA431FA1C6A9009DFA35 /* Release */ = {
			isa = XCBuildConfiguration;
			baseConfigurationReference = A2F80611904BC93118A8B47C /* Pods-FIRBASEEMAILPASSWORDAUTH.release.xcconfig */;
			buildSettings = {
				ASSETCATALOG_COMPILER_APPICON_NAME = AppIcon;
				CODE_SIGN_STYLE = Automatic;
				DEVELOPMENT_TEAM = WYMKKWGVGB;
				INFOPLIST_FILE = FIRBASEEMAILPASSWORDAUTH/Info.plist;
				LD_RUNPATH_SEARCH_PATHS = "$(inherited) @executable_path/Frameworks";
				PRODUCT_BUNDLE_IDENTIFIER = Com.Webcubator.FIRBASEEMAILPASSWORDAUTH;
				PRODUCT_NAME = "$(TARGET_NAME)";
				SWIFT_VERSION = 4.0;
				TARGETED_DEVICE_FAMILY = "1,2";
			};
			name = Release;
		};
		8F37BA451FA1C6A9009DFA35 /* Debug */ = {
			isa = XCBuildConfiguration;
			buildSettings = {
				ALWAYS_EMBED_SWIFT_STANDARD_LIBRARIES = YES;
				BUNDLE_LOADER = "$(TEST_HOST)";
				CODE_SIGN_STYLE = Automatic;
				INFOPLIST_FILE = FIRBASEEMAILPASSWORDAUTHTests/Info.plist;
				LD_RUNPATH_SEARCH_PATHS = "$(inherited) @executable_path/Frameworks @loader_path/Frameworks";
				PRODUCT_BUNDLE_IDENTIFIER = Com.Webcubator.FIRBASEEMAILPASSWORDAUTHTests;
				PRODUCT_NAME = "$(TARGET_NAME)";
				SWIFT_VERSION = 4.0;
				TARGETED_DEVICE_FAMILY = "1,2";
				TEST_HOST = "$(BUILT_PRODUCTS_DIR)/FIRBASEEMAILPASSWORDAUTH.app/FIRBASEEMAILPASSWORDAUTH";
			};
			name = Debug;
		};
		8F37BA461FA1C6A9009DFA35 /* Release */ = {
			isa = XCBuildConfiguration;
			buildSettings = {
				ALWAYS_EMBED_SWIFT_STANDARD_LIBRARIES = YES;
				BUNDLE_LOADER = "$(TEST_HOST)";
				CODE_SIGN_STYLE = Automatic;
				INFOPLIST_FILE = FIRBASEEMAILPASSWORDAUTHTests/Info.plist;
				LD_RUNPATH_SEARCH_PATHS = "$(inherited) @executable_path/Frameworks @loader_path/Frameworks";
				PRODUCT_BUNDLE_IDENTIFIER = Com.Webcubator.FIRBASEEMAILPASSWORDAUTHTests;
				PRODUCT_NAME = "$(TARGET_NAME)";
				SWIFT_VERSION = 4.0;
				TARGETED_DEVICE_FAMILY = "1,2";
				TEST_HOST = "$(BUILT_PRODUCTS_DIR)/FIRBASEEMAILPASSWORDAUTH.app/FIRBASEEMAILPASSWORDAUTH";
			};
			name = Release;
		};
		8F37BA481FA1C6A9009DFA35 /* Debug */ = {
			isa = XCBuildConfiguration;
			buildSettings = {
				ALWAYS_EMBED_SWIFT_STANDARD_LIBRARIES = YES;
				CODE_SIGN_STYLE = Automatic;
				INFOPLIST_FILE = FIRBASEEMAILPASSWORDAUTHUITests/Info.plist;
				LD_RUNPATH_SEARCH_PATHS = "$(inherited) @executable_path/Frameworks @loader_path/Frameworks";
				PRODUCT_BUNDLE_IDENTIFIER = Com.Webcubator.FIRBASEEMAILPASSWORDAUTHUITests;
				PRODUCT_NAME = "$(TARGET_NAME)";
				SWIFT_VERSION = 4.0;
				TARGETED_DEVICE_FAMILY = "1,2";
				TEST_TARGET_NAME = FIRBASEEMAILPASSWORDAUTH;
			};
			name = Debug;
		};
		8F37BA491FA1C6A9009DFA35 /* Release */ = {
			isa = XCBuildConfiguration;
			buildSettings = {
				ALWAYS_EMBED_SWIFT_STANDARD_LIBRARIES = YES;
				CODE_SIGN_STYLE = Automatic;
				INFOPLIST_FILE = FIRBASEEMAILPASSWORDAUTHUITests/Info.plist;
				LD_RUNPATH_SEARCH_PATHS = "$(inherited) @executable_path/Frameworks @loader_path/Frameworks";
				PRODUCT_BUNDLE_IDENTIFIER = Com.Webcubator.FIRBASEEMAILPASSWORDAUTHUITests;
				PRODUCT_NAME = "$(TARGET_NAME)";
				SWIFT_VERSION = 4.0;
				TARGETED_DEVICE_FAMILY = "1,2";
				TEST_TARGET_NAME = FIRBASEEMAILPASSWORDAUTH;
			};
			name = Release;
		};
/* End XCBuildConfiguration section */

/* Begin XCConfigurationList section */
		8F37BA141FA1C6A9009DFA35 /* Build configuration list for PBXProject "FIRBASEEMAILPASSWORDAUTH" */ = {
			isa = XCConfigurationList;
			buildConfigurations = (
				8F37BA3F1FA1C6A9009DFA35 /* Debug */,
				8F37BA401FA1C6A9009DFA35 /* Release */,
			);
			defaultConfigurationIsVisible = 0;
			defaultConfigurationName = Release;
		};
		8F37BA411FA1C6A9009DFA35 /* Build configuration list for PBXNativeTarget "FIRBASEEMAILPASSWORDAUTH" */ = {
			isa = XCConfigurationList;
			buildConfigurations = (
				8F37BA421FA1C6A9009DFA35 /* Debug */,
				8F37BA431FA1C6A9009DFA35 /* Release */,
			);
			defaultConfigurationIsVisible = 0;
			defaultConfigurationName = Release;
		};
		8F37BA441FA1C6A9009DFA35 /* Build configuration list for PBXNativeTarget "FIRBASEEMAILPASSWORDAUTHTests" */ = {
			isa = XCConfigurationList;
			buildConfigurations = (
				8F37BA451FA1C6A9009DFA35 /* Debug */,
				8F37BA461FA1C6A9009DFA35 /* Release */,
			);
			defaultConfigurationIsVisible = 0;
			defaultConfigurationName = Release;
		};
		8F37BA471FA1C6A9009DFA35 /* Build configuration list for PBXNativeTarget "FIRBASEEMAILPASSWORDAUTHUITests" */ = {
			isa = XCConfigurationList;
			buildConfigurations = (
				8F37BA481FA1C6A9009DFA35 /* Debug */,
				8F37BA491FA1C6A9009DFA35 /* Release */,
			);
			defaultConfigurationIsVisible = 0;
			defaultConfigurationName = Release;
		};
/* End XCConfigurationList section */
	};
	rootObject = 8F37BA111FA1C6A9009DFA35 /* Project object */;
}
